
Microsoft Visual Studio Solution File, Format Version 12.00
# Visual Studio 15
VisualStudioVersion = 15.0.28307.489
MinimumVisualStudioVersion = 10.0.40219.1
Project("{FAE04EC0-301F-11D3-BF4B-00C04F79EFBC}") = "ConsoleApp2", "ConsoleApp2\ConsoleApp2.csproj", "{A5D01EBA-5819-4F26-A178-868BA1B2BD98}"
EndProject
Global
	GlobalSection(SolutionConfigurationPlatforms) = preSolution
		Debug|Any CPU = Debug|Any CPU
		Release|Any CPU = Release|Any CPU
	EndGlobalSection
	GlobalSection(ProjectConfigurationPlatforms) = postSolution
		{A5D01EBA-5819-4F26-A178-868BA1B2BD98}.Debug|Any CPU.ActiveCfg = Debug|Any CPU
		{A5D01EBA-5819-4F26-A178-868BA1B2BD98}.Debug|Any CPU.Build.0 = Debug|Any CPU
		{A5D01EBA-5819-4F26-A178-868BA1B2BD98}.Release|Any CPU.ActiveCfg = Release|Any CPU
		{A5D01EBA-5819-4F26-A178-868BA1B2BD98}.Release|Any CPU.Build.0 = Release|Any CPU
	EndGlobalSection
	GlobalSection(SolutionProperties) = preSolution
		HideSolutionNode = FALSE
	EndGlobalSection
	GlobalSection(ExtensibilityGlobals) = postSolution
		SolutionGuid = {0FE40149-BEA9-4645-9B35-E2D1B80126E7}
	EndGlobalSection
EndGlobal
